
Microsoft Visual Studio Solution File, Format Version 12.00
# Visual Studio Version 17
VisualStudioVersion = 17.0.31919.166
MinimumVisualStudioVersion = 10.0.40219.1
Project("{9A19103F-16F7-4668-BE54-9A1E7A4F7556}") = "BusinessLayer", "BusinessLayer\BusinessLayer.csproj", "{688C23EC-B38A-4834-8391-91355BB93D2E}"
EndProject
Project("{9A19103F-16F7-4668-BE54-9A1E7A4F7556}") = "DataAccessLayer", "DataAccessLayer\DataAccessLayer.csproj", "{4AB4EBD7-C9B2-4B29-B93E-8F831702E434}"
EndProject
Project("{9A19103F-16F7-4668-BE54-9A1E7A4F7556}") = "BaseCore", "BaseCore\BaseCore.csproj", "{E80C388E-C3CC-4C04-9F56-B6585A167A2E}"
EndProject
Project("{9A19103F-16F7-4668-BE54-9A1E7A4F7556}") = "EntityLayer", "EntityLayer\EntityLayer.csproj", "{7567A7C3-398D-452D-A7DB-ACBFB4300B02}"
EndProject
Project("{FAE04EC0-301F-11D3-BF4B-00C04F79EFBC}") = "API", "API\API.csproj", "{39EC3962-760B-445B-BB67-D84E60BB1221}"
EndProject
Global
	GlobalSection(SolutionConfigurationPlatforms) = preSolution
		Debug|Any CPU = Debug|Any CPU
		Release|Any CPU = Release|Any CPU
	EndGlobalSection
	GlobalSection(ProjectConfigurationPlatforms) = postSolution
		{688C23EC-B38A-4834-8391-91355BB93D2E}.Debug|Any CPU.ActiveCfg = Debug|Any CPU
		{688C23EC-B38A-4834-8391-91355BB93D2E}.Debug|Any CPU.Build.0 = Debug|Any CPU
		{688C23EC-B38A-4834-8391-91355BB93D2E}.Release|Any CPU.ActiveCfg = Release|Any CPU
		{688C23EC-B38A-4834-8391-91355BB93D2E}.Release|Any CPU.Build.0 = Release|Any CPU
		{4AB4EBD7-C9B2-4B29-B93E-8F831702E434}.Debug|Any CPU.ActiveCfg = Debug|Any CPU
		{4AB4EBD7-C9B2-4B29-B93E-8F831702E434}.Debug|Any CPU.Build.0 = Debug|Any CPU
		{4AB4EBD7-C9B2-4B29-B93E-8F831702E434}.Release|Any CPU.ActiveCfg = Release|Any CPU
		{4AB4EBD7-C9B2-4B29-B93E-8F831702E434}.Release|Any CPU.Build.0 = Release|Any CPU
		{E80C388E-C3CC-4C04-9F56-B6585A167A2E}.Debug|Any CPU.ActiveCfg = Debug|Any CPU
		{E80C388E-C3CC-4C04-9F56-B6585A167A2E}.Debug|Any CPU.Build.0 = Debug|Any CPU
		{E80C388E-C3CC-4C04-9F56-B6585A167A2E}.Release|Any CPU.ActiveCfg = Release|Any CPU
		{E80C388E-C3CC-4C04-9F56-B6585A167A2E}.Release|Any CPU.Build.0 = Release|Any CPU
		{7567A7C3-398D-452D-A7DB-ACBFB4300B02}.Debug|Any CPU.ActiveCfg = Debug|Any CPU
		{7567A7C3-398D-452D-A7DB-ACBFB4300B02}.Debug|Any CPU.Build.0 = Debug|Any CPU
		{7567A7C3-398D-452D-A7DB-ACBFB4300B02}.Release|Any CPU.ActiveCfg = Release|Any CPU
		{7567A7C3-398D-452D-A7DB-ACBFB4300B02}.Release|Any CPU.Build.0 = Release|Any CPU
		{39EC3962-760B-445B-BB67-D84E60BB1221}.Debug|Any CPU.ActiveCfg = Debug|Any CPU
		{39EC3962-760B-445B-BB67-D84E60BB1221}.Debug|Any CPU.Build.0 = Debug|Any CPU
		{39EC3962-760B-445B-BB67-D84E60BB1221}.Release|Any CPU.ActiveCfg = Release|Any CPU
		{39EC3962-760B-445B-BB67-D84E60BB1221}.Release|Any CPU.Build.0 = Release|Any CPU
	EndGlobalSection
	GlobalSection(SolutionProperties) = preSolution
		HideSolutionNode = FALSE
	EndGlobalSection
	GlobalSection(ExtensibilityGlobals) = postSolution
		SolutionGuid = {3B3ED61A-6B45-457C-B963-B1A2A6A00F3D}
	EndGlobalSection
EndGlobal
